
Microsoft Visual Studio Solution File, Format Version 12.00
# Visual Studio Version 16
VisualStudioVersion = 16.0.31702.278
MinimumVisualStudioVersion = 10.0.40219.1
Project("{FAE04EC0-301F-11D3-BF4B-00C04F79EFBC}") = "MarrtenTest", "MarrtenTest\MarrtenTest.csproj", "{EB5CA765-BD86-4A5C-BF66-302AA4CE3088}"
EndProject
Global
	GlobalSection(SolutionConfigurationPlatforms) = preSolution
		Debug|Any CPU = Debug|Any CPU
		Release|Any CPU = Release|Any CPU
	EndGlobalSection
	GlobalSection(ProjectConfigurationPlatforms) = postSolution
		{EB5CA765-BD86-4A5C-BF66-302AA4CE3088}.Debug|Any CPU.ActiveCfg = Debug|Any CPU
		{EB5CA765-BD86-4A5C-BF66-302AA4CE3088}.Debug|Any CPU.Build.0 = Debug|Any CPU
		{EB5CA765-BD86-4A5C-BF66-302AA4CE3088}.Release|Any CPU.ActiveCfg = Release|Any CPU
		{EB5CA765-BD86-4A5C-BF66-302AA4CE3088}.Release|Any CPU.Build.0 = Release|Any CPU
	EndGlobalSection
	GlobalSection(SolutionProperties) = preSolution
		HideSolutionNode = FALSE
	EndGlobalSection
	GlobalSection(ExtensibilityGlobals) = postSolution
		SolutionGuid = {EFFE9A3F-88FE-4E82-A8AE-7BC8702E23D8}
	EndGlobalSection
EndGlobal
